
Microsoft Visual Studio Solution File, Format Version 12.00
# Visual Studio Version 17
VisualStudioVersion = 17.13.35825.156
MinimumVisualStudioVersion = 10.0.40219.1
Project("{FAE04EC0-301F-11D3-BF4B-00C04F79EFBC}") = "SimpleDatabaseQuery", "SimpleDatabaseQuery\SimpleDatabaseQuery.csproj", "{584E07AA-77D6-4F8A-ACC4-2FF997064233}"
EndProject
Global
	GlobalSection(SolutionConfigurationPlatforms) = preSolution
		Debug|Any CPU = Debug|Any CPU
		Release|Any CPU = Release|Any CPU
	EndGlobalSection
	GlobalSection(ProjectConfigurationPlatforms) = postSolution
		{584E07AA-77D6-4F8A-ACC4-2FF997064233}.Debug|Any CPU.ActiveCfg = Debug|Any CPU
		{584E07AA-77D6-4F8A-ACC4-2FF997064233}.Debug|Any CPU.Build.0 = Debug|Any CPU
		{584E07AA-77D6-4F8A-ACC4-2FF997064233}.Release|Any CPU.ActiveCfg = Release|Any CPU
		{584E07AA-77D6-4F8A-ACC4-2FF997064233}.Release|Any CPU.Build.0 = Release|Any CPU
	EndGlobalSection
	GlobalSection(SolutionProperties) = preSolution
		HideSolutionNode = FALSE
	EndGlobalSection
	GlobalSection(ExtensibilityGlobals) = postSolution
		SolutionGuid = {FED6644D-C628-416B-92C4-BE8F32A6EFD2}
	EndGlobalSection
EndGlobal
